{
  "name": "monolith-workflow",
  "version": "0.3.1",
  "lockfileVersion": 3,
  "requires": true,
  "packages": {
    "": {
      "name": "monolith-workflow",
      "version": "0.3.1",
      "license": "UNLICENSED",
      "bin": {
        "monolith": "bin/monolith"
      },
      "engines": {
        "node": ">=22"
      }
    }
  }
}
