{
  "name": "bimo-workflow",
  "version": "0.5.0",
  "lockfileVersion": 3,
  "requires": true,
  "packages": {
    "": {
      "name": "bimo-workflow",
      "version": "0.5.0",
      "license": "Apache-2.0",
      "bin": {
        "bimo": "bin/bimo"
      },
      "engines": {
        "node": ">=22"
      }
    }
  }
}
